
Microsoft Visual Studio Solution File, Format Version 10.00
# Visual C# Express 2008
Project("{FAE04EC0-301F-11D3-BF4B-00C04F79EFBC}") = "KKHomeProj.ApkShellExt", "apkshellext\KKHomeProj.ApkShellExt.csproj", "{F8975BEA-067A-4D06-8808-863ABA4FBEB2}"
EndProject
Global
	GlobalSection(SolutionConfigurationPlatforms) = preSolution
		Debug|Any CPU = Debug|Any CPU
		Debug|Win32 = Debug|Win32
		Debug|x64 = Debug|x64
		Release|Any CPU = Release|Any CPU
		Release|Win32 = Release|Win32
		Release|x64 = Release|x64
	EndGlobalSection
	GlobalSection(ProjectConfigurationPlatforms) = postSolution
		{F8975BEA-067A-4D06-8808-863ABA4FBEB2}.Debug|Any CPU.ActiveCfg = Debug|Any CPU
		{F8975BEA-067A-4D06-8808-863ABA4FBEB2}.Debug|Any CPU.Build.0 = Debug|Any CPU
		{F8975BEA-067A-4D06-8808-863ABA4FBEB2}.Debug|Win32.ActiveCfg = Debug|Any CPU
		{F8975BEA-067A-4D06-8808-863ABA4FBEB2}.Debug|x64.ActiveCfg = Debug|x64
		{F8975BEA-067A-4D06-8808-863ABA4FBEB2}.Debug|x64.Build.0 = Debug|x64
		{F8975BEA-067A-4D06-8808-863ABA4FBEB2}.Release|Any CPU.ActiveCfg = Release|Any CPU
		{F8975BEA-067A-4D06-8808-863ABA4FBEB2}.Release|Any CPU.Build.0 = Release|Any CPU
		{F8975BEA-067A-4D06-8808-863ABA4FBEB2}.Release|Win32.ActiveCfg = Release|x64
		{F8975BEA-067A-4D06-8808-863ABA4FBEB2}.Release|Win32.Build.0 = Release|x64
		{F8975BEA-067A-4D06-8808-863ABA4FBEB2}.Release|x64.ActiveCfg = Release|x64
		{F8975BEA-067A-4D06-8808-863ABA4FBEB2}.Release|x64.Build.0 = Release|x64
	EndGlobalSection
	GlobalSection(SolutionProperties) = preSolution
		HideSolutionNode = FALSE
	EndGlobalSection
EndGlobal
